// !$*UTF8*$!
{
	archiveVersion = 1;
	classes = {
	};
	objectVersion = 46;
	objects = {

/* Begin PBXBuildFile section */
		CE06ABBB1ACDC19A0066A18A /* AllInOneTests.swift in Sources */ = {isa = PBXBuildFile; fileRef = EA3957F21AB5EBDA000EA645 /* AllInOneTests.swift */; };
		EA3957DD1AB5EBDA000EA645 /* AppDelegate.swift in Sources */ = {isa = PBXBuildFile; fileRef = EA3957DC1AB5EBDA000EA645 /* AppDelegate.swift */; };
		EA3957E21AB5EBDA000EA645 /* Main.storyboard in Resources */ = {isa = PBXBuildFile; fileRef = EA3957E01AB5EBDA000EA645 /* Main.storyboard */; };
		EA3957E41AB5EBDA000EA645 /* Images.xcassets in Resources */ = {isa = PBXBuildFile; fileRef = EA3957E31AB5EBDA000EA645 /* Images.xcassets */; };
		EA3957E71AB5EBDA000EA645 /* LaunchScreen.xib in Resources */ = {isa = PBXBuildFile; fileRef = EA3957E51AB5EBDA000EA645 /* LaunchScreen.xib */; };
		EA3957FD1ABA97AF000EA645 /* SearchOutputCell.xib in Resources */ = {isa = PBXBuildFile; fileRef = EA3957FC1ABA97AF000EA645 /* SearchOutputCell.xib */; };
		EA3957FF1ABAA307000EA645 /* SearchOutputCell.swift in Sources */ = {isa = PBXBuildFile; fileRef = EA3957FE1ABAA307000EA645 /* SearchOutputCell.swift */; };
		EA3958011ABAAF77000EA645 /* NothingThereCell.xib in Resources */ = {isa = PBXBuildFile; fileRef = EA3958001ABAAF77000EA645 /* NothingThereCell.xib */; };
		EAF276A41ADF46CE00BCDD89 /* UIImageView+DownloadImage.swift in Sources */ = {isa = PBXBuildFile; fileRef = EAF276A31ADF46CD00BCDD89 /* UIImageView+DownloadImage.swift */; };
		F36660C01ABB5B0900B1AA9B /* SearchViewController.swift in Sources */ = {isa = PBXBuildFile; fileRef = EA3957DE1AB5EBDA000EA645 /* SearchViewController.swift */; };
		F84D55011ACD791E00A9E5A7 /* LoadingCell.xib in Resources */ = {isa = PBXBuildFile; fileRef = F84D55001ACD791E00A9E5A7 /* LoadingCell.xib */; };
		F874BBBC1ADF7FD50000B117 /* DimmingPresentationController.swift in Sources */ = {isa = PBXBuildFile; fileRef = F874BBBB1ADF7FD50000B117 /* DimmingPresentationController.swift */; };
		F874BBBE1ADF7FE50000B117 /* DetailViewController.swift in Sources */ = {isa = PBXBuildFile; fileRef = F874BBBD1ADF7FE50000B117 /* DetailViewController.swift */; };
		F8B4118B1ABA6A9100EA750E /* SearchOutput.swift in Sources */ = {isa = PBXBuildFile; fileRef = F8B4118A1ABA6A9100EA750E /* SearchOutput.swift */; };
/* End PBXBuildFile section */

/* Begin PBXContainerItemProxy section */
		EA3957ED1AB5EBDA000EA645 /* PBXContainerItemProxy */ = {
			isa = PBXContainerItemProxy;
			containerPortal = EA3957CF1AB5EBDA000EA645 /* Project object */;
			proxyType = 1;
			remoteGlobalIDString = EA3957D61AB5EBDA000EA645;
			remoteInfo = AllInOne;
		};
/* End PBXContainerItemProxy section */

/* Begin PBXFileReference section */
		EA3957D71AB5EBDA000EA645 /* AllInOne.app */ = {isa = PBXFileReference; explicitFileType = wrapper.application; includeInIndex = 0; path = AllInOne.app; sourceTree = BUILT_PRODUCTS_DIR; };
		EA3957DB1AB5EBDA000EA645 /* Info.plist */ = {isa = PBXFileReference; lastKnownFileType = text.plist.xml; path = Info.plist; sourceTree = "<group>"; };
		EA3957DC1AB5EBDA000EA645 /* AppDelegate.swift */ = {isa = PBXFileReference; lastKnownFileType = sourcecode.swift; path = AppDelegate.swift; sourceTree = "<group>"; };
		EA3957DE1AB5EBDA000EA645 /* SearchViewController.swift */ = {isa = PBXFileReference; lastKnownFileType = sourcecode.swift; path = SearchViewController.swift; sourceTree = "<group>"; };
		EA3957E11AB5EBDA000EA645 /* Base */ = {isa = PBXFileReference; lastKnownFileType = file.storyboard; name = Base; path = Base.lproj/Main.storyboard; sourceTree = "<group>"; };
		EA3957E31AB5EBDA000EA645 /* Images.xcassets */ = {isa = PBXFileReference; lastKnownFileType = folder.assetcatalog; path = Images.xcassets; sourceTree = "<group>"; };
		EA3957E61AB5EBDA000EA645 /* Base */ = {isa = PBXFileReference; lastKnownFileType = file.xib; name = Base; path = Base.lproj/LaunchScreen.xib; sourceTree = "<group>"; };
		EA3957EC1AB5EBDA000EA645 /* AllInOneTests.xctest */ = {isa = PBXFileReference; explicitFileType = wrapper.cfbundle; includeInIndex = 0; path = AllInOneTests.xctest; sourceTree = BUILT_PRODUCTS_DIR; };
		EA3957F11AB5EBDA000EA645 /* Info.plist */ = {isa = PBXFileReference; lastKnownFileType = text.plist.xml; path = Info.plist; sourceTree = "<group>"; };
		EA3957F21AB5EBDA000EA645 /* AllInOneTests.swift */ = {isa = PBXFileReference; lastKnownFileType = sourcecode.swift; path = AllInOneTests.swift; sourceTree = "<group>"; };
		EA3957FC1ABA97AF000EA645 /* SearchOutputCell.xib */ = {isa = PBXFileReference; fileEncoding = 4; lastKnownFileType = file.xib; path = SearchOutputCell.xib; sourceTree = "<group>"; };
		EA3957FE1ABAA307000EA645 /* SearchOutputCell.swift */ = {isa = PBXFileReference; fileEncoding = 4; lastKnownFileType = sourcecode.swift; path = SearchOutputCell.swift; sourceTree = "<group>"; };
		EA3958001ABAAF77000EA645 /* NothingThereCell.xib */ = {isa = PBXFileReference; fileEncoding = 4; lastKnownFileType = file.xib; path = NothingThereCell.xib; sourceTree = "<group>"; };
		EAF276A31ADF46CD00BCDD89 /* UIImageView+DownloadImage.swift */ = {isa = PBXFileReference; fileEncoding = 4; lastKnownFileType = sourcecode.swift; path = "UIImageView+DownloadImage.swift"; sourceTree = "<group>"; };
		F84D55001ACD791E00A9E5A7 /* LoadingCell.xib */ = {isa = PBXFileReference; fileEncoding = 4; lastKnownFileType = file.xib; path = LoadingCell.xib; sourceTree = "<group>"; };
		F874BBBB1ADF7FD50000B117 /* DimmingPresentationController.swift */ = {isa = PBXFileReference; fileEncoding = 4; lastKnownFileType = sourcecode.swift; path = DimmingPresentationController.swift; sourceTree = "<group>"; };
		F874BBBD1ADF7FE50000B117 /* DetailViewController.swift */ = {isa = PBXFileReference; fileEncoding = 4; lastKnownFileType = sourcecode.swift; path = DetailViewController.swift; sourceTree = "<group>"; };
		F8B4118A1ABA6A9100EA750E /* SearchOutput.swift */ = {isa = PBXFileReference; fileEncoding = 4; lastKnownFileType = sourcecode.swift; path = SearchOutput.swift; sourceTree = "<group>"; };
/* End PBXFileReference section */

/* Begin PBXFrameworksBuildPhase section */
		EA3957D41AB5EBDA000EA645 /* Frameworks */ = {
			isa = PBXFrameworksBuildPhase;
			buildActionMask = 2147483647;
			files = (
			);
			runOnlyForDeploymentPostprocessing = 0;
		};
		EA3957E91AB5EBDA000EA645 /* Frameworks */ = {
			isa = PBXFrameworksBuildPhase;
			buildActionMask = 2147483647;
			files = (
			);
			runOnlyForDeploymentPostprocessing = 0;
		};
/* End PBXFrameworksBuildPhase section */

/* Begin PBXGroup section */
		EA3957CE1AB5EBDA000EA645 = {
			isa = PBXGroup;
			children = (
				EA3957D91AB5EBDA000EA645 /* AllInOne */,
				EA3957EF1AB5EBDA000EA645 /* AllInOneTests */,
				EA3957D81AB5EBDA000EA645 /* Products */,
			);
			sourceTree = "<group>";
		};
		EA3957D81AB5EBDA000EA645 /* Products */ = {
			isa = PBXGroup;
			children = (
				EA3957D71AB5EBDA000EA645 /* AllInOne.app */,
				EA3957EC1AB5EBDA000EA645 /* AllInOneTests.xctest */,
			);
			name = Products;
			sourceTree = "<group>";
		};
		EA3957D91AB5EBDA000EA645 /* AllInOne */ = {
			isa = PBXGroup;
			children = (
				EA3957DC1AB5EBDA000EA645 /* AppDelegate.swift */,
				EA3957DE1AB5EBDA000EA645 /* SearchViewController.swift */,
				EA3957E01AB5EBDA000EA645 /* Main.storyboard */,
				EA3957E31AB5EBDA000EA645 /* Images.xcassets */,
				F874BBBD1ADF7FE50000B117 /* DetailViewController.swift */,
				EA3957E51AB5EBDA000EA645 /* LaunchScreen.xib */,
				F874BBBB1ADF7FD50000B117 /* DimmingPresentationController.swift */,
				F8B4118A1ABA6A9100EA750E /* SearchOutput.swift */,
				EA3957DA1AB5EBDA000EA645 /* Supporting Files */,
				EA3957FC1ABA97AF000EA645 /* SearchOutputCell.xib */,
				F84D55001ACD791E00A9E5A7 /* LoadingCell.xib */,
				EA3957FE1ABAA307000EA645 /* SearchOutputCell.swift */,
				EA3958001ABAAF77000EA645 /* NothingThereCell.xib */,
				EAF276A31ADF46CD00BCDD89 /* UIImageView+DownloadImage.swift */,
			);
			path = AllInOne;
			sourceTree = "<group>";
		};
		EA3957DA1AB5EBDA000EA645 /* Supporting Files */ = {
			isa = PBXGroup;
			children = (
				EA3957DB1AB5EBDA000EA645 /* Info.plist */,
			);
			name = "Supporting Files";
			sourceTree = "<group>";
		};
		EA3957EF1AB5EBDA000EA645 /* AllInOneTests */ = {
			isa = PBXGroup;
			children = (
				EA3957F21AB5EBDA000EA645 /* AllInOneTests.swift */,
				EA3957F01AB5EBDA000EA645 /* Supporting Files */,
			);
			path = AllInOneTests;
			sourceTree = "<group>";
		};
		EA3957F01AB5EBDA000EA645 /* Supporting Files */ = {
			isa = PBXGroup;
			children = (
				EA3957F11AB5EBDA000EA645 /* Info.plist */,
			);
			name = "Supporting Files";
			sourceTree = "<group>";
		};
/* End PBXGroup section */

/* Begin PBXNativeTarget section */
		EA3957D61AB5EBDA000EA645 /* AllInOne */ = {
			isa = PBXNativeTarget;
			buildConfigurationList = EA3957F61AB5EBDA000EA645 /* Build configuration list for PBXNativeTarget "AllInOne" */;
			buildPhases = (
				EA3957D31AB5EBDA000EA645 /* Sources */,
				EA3957D41AB5EBDA000EA645 /* Frameworks */,
				EA3957D51AB5EBDA000EA645 /* Resources */,
			);
			buildRules = (
			);
			dependencies = (
			);
			name = AllInOne;
			productName = AllInOne;
			productReference = EA3957D71AB5EBDA000EA645 /* AllInOne.app */;
			productType = "com.apple.product-type.application";
		};
		EA3957EB1AB5EBDA000EA645 /* AllInOneTests */ = {
			isa = PBXNativeTarget;
			buildConfigurationList = EA3957F91AB5EBDA000EA645 /* Build configuration list for PBXNativeTarget "AllInOneTests" */;
			buildPhases = (
				EA3957E81AB5EBDA000EA645 /* Sources */,
				EA3957E91AB5EBDA000EA645 /* Frameworks */,
				EA3957EA1AB5EBDA000EA645 /* Resources */,
			);
			buildRules = (
			);
			dependencies = (
				EA3957EE1AB5EBDA000EA645 /* PBXTargetDependency */,
			);
			name = AllInOneTests;
			productName = AllInOneTests;
			productReference = EA3957EC1AB5EBDA000EA645 /* AllInOneTests.xctest */;
			productType = "com.apple.product-type.bundle.unit-test";
		};
/* End PBXNativeTarget section */

/* Begin PBXProject section */
		EA3957CF1AB5EBDA000EA645 /* Project object */ = {
			isa = PBXProject;
			attributes = {
				LastUpgradeCheck = 0610;
				ORGANIZATIONNAME = Tony;
				TargetAttributes = {
					EA3957D61AB5EBDA000EA645 = {
						CreatedOnToolsVersion = 6.1.1;
					};
					EA3957EB1AB5EBDA000EA645 = {
						CreatedOnToolsVersion = 6.1.1;
						TestTargetID = EA3957D61AB5EBDA000EA645;
					};
				};
			};
			buildConfigurationList = EA3957D21AB5EBDA000EA645 /* Build configuration list for PBXProject "AllInOne" */;
			compatibilityVersion = "Xcode 3.2";
			developmentRegion = English;
			hasScannedForEncodings = 0;
			knownRegions = (
				en,
				Base,
			);
			mainGroup = EA3957CE1AB5EBDA000EA645;
			productRefGroup = EA3957D81AB5EBDA000EA645 /* Products */;
			projectDirPath = "";
			projectRoot = "";
			targets = (
				EA3957D61AB5EBDA000EA645 /* AllInOne */,
				EA3957EB1AB5EBDA000EA645 /* AllInOneTests */,
			);
		};
/* End PBXProject section */

/* Begin PBXResourcesBuildPhase section */
		EA3957D51AB5EBDA000EA645 /* Resources */ = {
			isa = PBXResourcesBuildPhase;
			buildActionMask = 2147483647;
			files = (
				EA3957FD1ABA97AF000EA645 /* SearchOutputCell.xib in Resources */,
				EA3957E21AB5EBDA000EA645 /* Main.storyboard in Resources */,
				F84D55011ACD791E00A9E5A7 /* LoadingCell.xib in Resources */,
				EA3957E71AB5EBDA000EA645 /* LaunchScreen.xib in Resources */,
				EA3958011ABAAF77000EA645 /* NothingThereCell.xib in Resources */,
				EA3957E41AB5EBDA000EA645 /* Images.xcassets in Resources */,
			);
			runOnlyForDeploymentPostprocessing = 0;
		};
		EA3957EA1AB5EBDA000EA645 /* Resources */ = {
			isa = PBXResourcesBuildPhase;
			buildActionMask = 2147483647;
			files = (
			);
			runOnlyForDeploymentPostprocessing = 0;
		};
/* End PBXResourcesBuildPhase section */

/* Begin PBXSourcesBuildPhase section */
		EA3957D31AB5EBDA000EA645 /* Sources */ = {
			isa = PBXSourcesBuildPhase;
			buildActionMask = 2147483647;
			files = (
				EA3957FF1ABAA307000EA645 /* SearchOutputCell.swift in Sources */,
				F8B4118B1ABA6A9100EA750E /* SearchOutput.swift in Sources */,
				F36660C01ABB5B0900B1AA9B /* SearchViewController.swift in Sources */,
				EA3957DD1AB5EBDA000EA645 /* AppDelegate.swift in Sources */,
				EAF276A41ADF46CE00BCDD89 /* UIImageView+DownloadImage.swift in Sources */,
				F874BBBC1ADF7FD50000B117 /* DimmingPresentationController.swift in Sources */,
				F874BBBE1ADF7FE50000B117 /* DetailViewController.swift in Sources */,
			);
			runOnlyForDeploymentPostprocessing = 0;
		};
		EA3957E81AB5EBDA000EA645 /* Sources */ = {
			isa = PBXSourcesBuildPhase;
			buildActionMask = 2147483647;
			files = (
				CE06ABBB1ACDC19A0066A18A /* AllInOneTests.swift in Sources */,
			);
			runOnlyForDeploymentPostprocessing = 0;
		};
/* End PBXSourcesBuildPhase section */

/* Begin PBXTargetDependency section */
		EA3957EE1AB5EBDA000EA645 /* PBXTargetDependency */ = {
			isa = PBXTargetDependency;
			target = EA3957D61AB5EBDA000EA645 /* AllInOne */;
			targetProxy = EA3957ED1AB5EBDA000EA645 /* PBXContainerItemProxy */;
		};
/* End PBXTargetDependency section */

/* Begin PBXVariantGroup section */
		EA3957E01AB5EBDA000EA645 /* Main.storyboard */ = {
			isa = PBXVariantGroup;
			children = (
				EA3957E11AB5EBDA000EA645 /* Base */,
			);
			name = Main.storyboard;
			sourceTree = "<group>";
		};
		EA3957E51AB5EBDA000EA645 /* LaunchScreen.xib */ = {
			isa = PBXVariantGroup;
			children = (
				EA3957E61AB5EBDA000EA645 /* Base */,
			);
			name = LaunchScreen.xib;
			sourceTree = "<group>";
		};
/* End PBXVariantGroup section */

/* Begin XCBuildConfiguration section */
		EA3957F41AB5EBDA000EA645 /* Debug */ = {
			isa = XCBuildConfiguration;
			buildSettings = {
				ALWAYS_SEARCH_USER_PATHS = NO;
				CLANG_CXX_LANGUAGE_STANDARD = "gnu++0x";
				CLANG_CXX_LIBRARY = "libc++";
				CLANG_ENABLE_MODULES = YES;
				CLANG_ENABLE_OBJC_ARC = YES;
				CLANG_WARN_BOOL_CONVERSION = YES;
				CLANG_WARN_CONSTANT_CONVERSION = YES;
				CLANG_WARN_DIRECT_OBJC_ISA_USAGE = YES_ERROR;
				CLANG_WARN_EMPTY_BODY = YES;
				CLANG_WARN_ENUM_CONVERSION = YES;
				CLANG_WARN_INT_CONVERSION = YES;
				CLANG_WARN_OBJC_ROOT_CLASS = YES_ERROR;
				CLANG_WARN_UNREACHABLE_CODE = YES;
				CLANG_WARN__DUPLICATE_METHOD_MATCH = YES;
				"CODE_SIGN_IDENTITY[sdk=iphoneos*]" = "iPhone Developer";
				COPY_PHASE_STRIP = NO;
				ENABLE_STRICT_OBJC_MSGSEND = YES;
				GCC_C_LANGUAGE_STANDARD = gnu99;
				GCC_DYNAMIC_NO_PIC = NO;
				GCC_OPTIMIZATION_LEVEL = 0;
				GCC_PREPROCESSOR_DEFINITIONS = (
					"DEBUG=1",
					"$(inherited)",
				);
				GCC_SYMBOLS_PRIVATE_EXTERN = NO;
				GCC_WARN_64_TO_32_BIT_CONVERSION = YES;
				GCC_WARN_ABOUT_RETURN_TYPE = YES_ERROR;
				GCC_WARN_UNDECLARED_SELECTOR = YES;
				GCC_WARN_UNINITIALIZED_AUTOS = YES_AGGRESSIVE;
				GCC_WARN_UNUSED_FUNCTION = YES;
				GCC_WARN_UNUSED_VARIABLE = YES;
				IPHONEOS_DEPLOYMENT_TARGET = 8.1;
				MTL_ENABLE_DEBUG_INFO = YES;
				ONLY_ACTIVE_ARCH = YES;
				SDKROOT = iphoneos;
				SWIFT_OPTIMIZATION_LEVEL = "-Onone";
			};
			name = Debug;
		};
		EA3957F51AB5EBDA000EA645 /* Release */ = {
			isa = XCBuildConfiguration;
			buildSettings = {
				ALWAYS_SEARCH_USER_PATHS = NO;
				CLANG_CXX_LANGUAGE_STANDARD = "gnu++0x";
				CLANG_CXX_LIBRARY = "libc++";
				CLANG_ENABLE_MODULES = YES;
				CLANG_ENABLE_OBJC_ARC = YES;
				CLANG_WARN_BOOL_CONVERSION = YES;
				CLANG_WARN_CONSTANT_CONVERSION = YES;
				CLANG_WARN_DIRECT_OBJC_ISA_USAGE = YES_ERROR;
				CLANG_WARN_EMPTY_BODY = YES;
				CLANG_WARN_ENUM_CONVERSION = YES;
				CLANG_WARN_INT_CONVERSION = YES;
				CLANG_WARN_OBJC_ROOT_CLASS = YES_ERROR;
				CLANG_WARN_UNREACHABLE_CODE = YES;
				CLANG_WARN__DUPLICATE_METHOD_MATCH = YES;
				"CODE_SIGN_IDENTITY[sdk=iphoneos*]" = "iPhone Developer";
				COPY_PHASE_STRIP = YES;
				ENABLE_NS_ASSERTIONS = NO;
				ENABLE_STRICT_OBJC_MSGSEND = YES;
				GCC_C_LANGUAGE_STANDARD = gnu99;
				GCC_WARN_64_TO_32_BIT_CONVERSION = YES;
				GCC_WARN_ABOUT_RETURN_TYPE = YES_ERROR;
				GCC_WARN_UNDECLARED_SELECTOR = YES;
				GCC_WARN_UNINITIALIZED_AUTOS = YES_AGGRESSIVE;
				GCC_WARN_UNUSED_FUNCTION = YES;
				GCC_WARN_UNUSED_VARIABLE = YES;
				IPHONEOS_DEPLOYMENT_TARGET = 8.1;
				MTL_ENABLE_DEBUG_INFO = NO;
				SDKROOT = iphoneos;
				VALIDATE_PRODUCT = YES;
			};
			name = Release;
		};
		EA3957F71AB5EBDA000EA645 /* Debug */ = {
			isa = XCBuildConfiguration;
			buildSettings = {
				ASSETCATALOG_COMPILER_APPICON_NAME = AppIcon;
				INFOPLIST_FILE = AllInOne/Info.plist;
				LD_RUNPATH_SEARCH_PATHS = "$(inherited) @executable_path/Frameworks";
				PRODUCT_NAME = "$(TARGET_NAME)";
			};
			name = Debug;
		};
		EA3957F81AB5EBDA000EA645 /* Release */ = {
			isa = XCBuildConfiguration;
			buildSettings = {
				ASSETCATALOG_COMPILER_APPICON_NAME = AppIcon;
				INFOPLIST_FILE = AllInOne/Info.plist;
				LD_RUNPATH_SEARCH_PATHS = "$(inherited) @executable_path/Frameworks";
				PRODUCT_NAME = "$(TARGET_NAME)";
			};
			name = Release;
		};
		EA3957FA1AB5EBDA000EA645 /* Debug */ = {
			isa = XCBuildConfiguration;
			buildSettings = {
				BUNDLE_LOADER = "$(TEST_HOST)";
				FRAMEWORK_SEARCH_PATHS = (
					"$(SDKROOT)/Developer/Library/Frameworks",
					"$(inherited)",
				);
				GCC_PREPROCESSOR_DEFINITIONS = (
					"DEBUG=1",
					"$(inherited)",
				);
				INFOPLIST_FILE = AllInOneTests/Info.plist;
				LD_RUNPATH_SEARCH_PATHS = "$(inherited) @executable_path/Frameworks @loader_path/Frameworks";
				PRODUCT_NAME = "$(TARGET_NAME)";
				TEST_HOST = "$(BUILT_PRODUCTS_DIR)/AllInOne.app/AllInOne";
			};
			name = Debug;
		};
		EA3957FB1AB5EBDA000EA645 /* Release */ = {
			isa = XCBuildConfiguration;
			buildSettings = {
				BUNDLE_LOADER = "$(TEST_HOST)";
				FRAMEWORK_SEARCH_PATHS = (
					"$(SDKROOT)/Developer/Library/Frameworks",
					"$(inherited)",
				);
				INFOPLIST_FILE = AllInOneTests/Info.plist;
				LD_RUNPATH_SEARCH_PATHS = "$(inherited) @executable_path/Frameworks @loader_path/Frameworks";
				PRODUCT_NAME = "$(TARGET_NAME)";
				TEST_HOST = "$(BUILT_PRODUCTS_DIR)/AllInOne.app/AllInOne";
			};
			name = Release;
		};
/* End XCBuildConfiguration section */

/* Begin XCConfigurationList section */
		EA3957D21AB5EBDA000EA645 /* Build configuration list for PBXProject "AllInOne" */ = {
			isa = XCConfigurationList;
			buildConfigurations = (
				EA3957F41AB5EBDA000EA645 /* Debug */,
				EA3957F51AB5EBDA000EA645 /* Release */,
			);
			defaultConfigurationIsVisible = 0;
			defaultConfigurationName = Release;
		};
		EA3957F61AB5EBDA000EA645 /* Build configuration list for PBXNativeTarget "AllInOne" */ = {
			isa = XCConfigurationList;
			buildConfigurations = (
				EA3957F71AB5EBDA000EA645 /* Debug */,
				EA3957F81AB5EBDA000EA645 /* Release */,
			);
			defaultConfigurationIsVisible = 0;
			defaultConfigurationName = Release;
		};
		EA3957F91AB5EBDA000EA645 /* Build configuration list for PBXNativeTarget "AllInOneTests" */ = {
			isa = XCConfigurationList;
			buildConfigurations = (
				EA3957FA1AB5EBDA000EA645 /* Debug */,
				EA3957FB1AB5EBDA000EA645 /* Release */,
			);
			defaultConfigurationIsVisible = 0;
			defaultConfigurationName = Release;
		};
/* End XCConfigurationList section */
	};
	rootObject = EA3957CF1AB5EBDA000EA645 /* Project object */;
}
